{
  "name": "cicd",
  "version": "0.1.0",
  "lockfileVersion": 1,
  "requires": true,
  "dependencies": {
    "@aws-cdk/assets": {
      "version": "1.22.0",
      "resolved": "https://registry.npmjs.org/@aws-cdk/assets/-/assets-1.22.0.tgz",
      "integrity": "sha512-IIu96KjoYPtMwPPfM1qF/o0e89hN5/Aa5Jlpu1vQyAFD9S/CkLe000gXKPuc//PmbCEnEqoWSECTAb44dkMjdA==",
      "dev": true,
      "requires": {
        "@aws-cdk/core": "1.22.0",
        "@aws-cdk/cx-api": "1.22.0",
        "minimatch": "^3.0.4"
      },
      "dependencies": {
        "balanced-match": {
          "version": "1.0.0",
          "bundled": true,
          "dev": true
        },
        "brace-expansion": {
          "version": "1.1.11",
          "bundled": true,
          "dev": true,
          "requires": {
            "balanced-match": "^1.0.0",
            "concat-map": "0.0.1"
          }
        },
        "concat-map": {
          "version": "0.0.1",
          "bundled": true,
          "dev": true
        },
        "minimatch": {
          "version": "3.0.4",
          "bundled": true,
          "dev": true,
          "requires": {
            "brace-expansion": "^1.1.7"
          }
        }
      }
    },
    "@aws-cdk/aws-apigateway": {
      "version": "1.22.0",
      "resolved": "https://registry.npmjs.org/@aws-cdk/aws-apigateway/-/aws-apigateway-1.22.0.tgz",
      "integrity": "sha512-N+SNi4ruUHh7QeDaeuQscwBe88LFtsKfitYAgWwxZdDXMUbKw/Bz3u8mHjmvQTcMnJ2sFn7wbRvy3Gj/aEdZJw==",
      "dev": true,
      "requires": {
        "@aws-cdk/aws-certificatemanager": "1.22.0",
        "@aws-cdk/aws-elasticloadbalancingv2": "1.22.0",
        "@aws-cdk/aws-iam": "1.22.0",
        "@aws-cdk/aws-lambda": "1.22.0",
        "@aws-cdk/core": "1.22.0"
      }
    },
    "@aws-cdk/aws-applicationautoscaling": {
      "version": "1.22.0",
      "resolved": "https://registry.npmjs.org/@aws-cdk/aws-applicationautoscaling/-/aws-applicationautoscaling-1.22.0.tgz",
      "integrity": "sha512-OEh1eJh/LMbWxdxYrGYBDUzNgNEoCRVv/+OsCGYHnBg65eNgvmGLdtusUfdprevx6lNzr4woYZY13ftiMoB8Qw==",
      "dev": true,
      "requires": {
        "@aws-cdk/aws-autoscaling-common": "1.22.0",
        "@aws-cdk/aws-cloudwatch": "1.22.0",
        "@aws-cdk/aws-iam": "1.22.0",
        "@aws-cdk/core": "1.22.0"
      }
    },
    "@aws-cdk/aws-autoscaling": {
      "version": "1.22.0",
      "resolved": "https://registry.npmjs.org/@aws-cdk/aws-autoscaling/-/aws-autoscaling-1.22.0.tgz",
      "integrity": "sha512-KmanPcYtdrQaARKvo4uucLfME8Mrqsr8gMHs5J8ZrNdI6Uyk7wnriNtUU9YAE6OI3d80ctHip6PB3/p80+gQFg==",
      "dev": true,
      "requires": {
        "@aws-cdk/aws-autoscaling-common": "1.22.0",
        "@aws-cdk/aws-cloudwatch": "1.22.0",
        "@aws-cdk/aws-ec2": "1.22.0",
        "@aws-cdk/aws-elasticloadbalancing": "1.22.0",
        "@aws-cdk/aws-elasticloadbalancingv2": "1.22.0",
        "@aws-cdk/aws-iam": "1.22.0",
        "@aws-cdk/aws-sns": "1.22.0",
        "@aws-cdk/core": "1.22.0"
      }
    },
    "@aws-cdk/aws-autoscaling-common": {
      "version": "1.22.0",
      "resolved": "https://registry.npmjs.org/@aws-cdk/aws-autoscaling-common/-/aws-autoscaling-common-1.22.0.tgz",
      "integrity": "sha512-onMnNB3qiU0Q0JSoEKkE6YxRiZ++LG6paV8Zqjzatq6gkzieAGgJM5ebBWXiqnxkkaBAQGxk4jB7UqLFh9FG5w==",
      "dev": true,
      "requires": {
        "@aws-cdk/aws-iam": "1.22.0",
        "@aws-cdk/core": "1.22.0"
      }
    },
    "@aws-cdk/aws-autoscaling-hooktargets": {
      "version": "1.22.0",
      "resolved": "https://registry.npmjs.org/@aws-cdk/aws-autoscaling-hooktargets/-/aws-autoscaling-hooktargets-1.22.0.tgz",
      "integrity": "sha512-Xctq87RDgajC1ovFWgkd0R6Mq6r8bQOvl9r1j2BMjiFiKaIlh4jakdeSTRsHOvzu7ASmwj+K4LxAIGudp9iULw==",
      "dev": true,
      "requires": {
        "@aws-cdk/aws-autoscaling": "1.22.0",
        "@aws-cdk/aws-iam": "1.22.0",
        "@aws-cdk/aws-lambda": "1.22.0",
        "@aws-cdk/aws-sns": "1.22.0",
        "@aws-cdk/aws-sns-subscriptions": "1.22.0",
        "@aws-cdk/aws-sqs": "1.22.0",
        "@aws-cdk/core": "1.22.0"
      }
    },
    "@aws-cdk/aws-certificatemanager": {
      "version": "1.22.0",
      "resolved": "https://registry.npmjs.org/@aws-cdk/aws-certificatemanager/-/aws-certificatemanager-1.22.0.tgz",
      "integrity": "sha512-0sKB0e8E8AmiYHVgVzRjGkywG91P6Eikk6wUcYz/aZQS4E9UlMhy5AtWpwZ9VljcULslgtwP6ckackAR9c5vQQ==",
      "dev": true,
      "requires": {
        "@aws-cdk/aws-cloudformation": "1.22.0",
        "@aws-cdk/aws-iam": "1.22.0",
        "@aws-cdk/aws-lambda": "1.22.0",
        "@aws-cdk/aws-route53": "1.22.0",
        "@aws-cdk/core": "1.22.0"
      }
    },
    "@aws-cdk/aws-cloudformation": {
      "version": "1.22.0",
      "resolved": "https://registry.npmjs.org/@aws-cdk/aws-cloudformation/-/aws-cloudformation-1.22.0.tgz",
      "integrity": "sha512-v1zG3AUWR97u8i98WU44Ytm2tWkJspxzPe/uf6NOYlpWfz0jfyB3wSgGCjG2Vo4kKc4CzmSrCblKNbQMPhGqfA==",
      "dev": true,
      "requires": {
        "@aws-cdk/aws-iam": "1.22.0",
        "@aws-cdk/aws-lambda": "1.22.0",
        "@aws-cdk/aws-s3": "1.22.0",
        "@aws-cdk/aws-sns": "1.22.0",
        "@aws-cdk/core": "1.22.0",
        "@aws-cdk/cx-api": "1.22.0"
      }
    },
    "@aws-cdk/aws-cloudfront": {
      "version": "1.22.0",
      "resolved": "https://registry.npmjs.org/@aws-cdk/aws-cloudfront/-/aws-cloudfront-1.22.0.tgz",
      "integrity": "sha512-Y/jzSfvsMZUDp/BJbdQxnKr3+ZEt6RnVYYUipK56TVDTGYOHQNenatqj4BMazBm1sk06PP+rTqP90eq4hkw2lA==",
      "dev": true,
      "requires": {
        "@aws-cdk/aws-certificatemanager": "1.22.0",
        "@aws-cdk/aws-iam": "1.22.0",
        "@aws-cdk/aws-kms": "1.22.0",
        "@aws-cdk/aws-lambda": "1.22.0",
        "@aws-cdk/aws-s3": "1.22.0",
        "@aws-cdk/core": "1.22.0"
      }
    },
    "@aws-cdk/aws-cloudwatch": {
      "version": "1.22.0",
      "resolved": "https://registry.npmjs.org/@aws-cdk/aws-cloudwatch/-/aws-cloudwatch-1.22.0.tgz",
      "integrity": "sha512-Lgd3C8XuST2ApNRoXIIYGszjXHZKByFYI5/Nynkimw10fYksiMxDb4TjN2lzHWFFZeXqJlZL9kUIiEtyiZPDpg==",
      "dev": true,
      "requires": {
        "@aws-cdk/aws-iam": "1.22.0",
        "@aws-cdk/core": "1.22.0"
      }
    },
    "@aws-cdk/aws-codebuild": {
      "version": "1.22.0",
      "resolved": "https://registry.npmjs.org/@aws-cdk/aws-codebuild/-/aws-codebuild-1.22.0.tgz",
      "integrity": "sha512-oJ/LgIepmSOfj58FPL47/f0sWqEfmuCI1ySvSOsXEGvalofOR+8uQmBdsuIFTAanTQIGT5aykZUcNWnyA4Qsvg==",
      "dev": true,
      "requires": {
        "@aws-cdk/assets": "1.22.0",
        "@aws-cdk/aws-cloudwatch": "1.22.0",
        "@aws-cdk/aws-codecommit": "1.22.0",
        "@aws-cdk/aws-ec2": "1.22.0",
        "@aws-cdk/aws-ecr": "1.22.0",
        "@aws-cdk/aws-ecr-assets": "1.22.0",
        "@aws-cdk/aws-events": "1.22.0",
        "@aws-cdk/aws-iam": "1.22.0",
        "@aws-cdk/aws-kms": "1.22.0",
        "@aws-cdk/aws-s3": "1.22.0",
        "@aws-cdk/aws-s3-assets": "1.22.0",
        "@aws-cdk/aws-secretsmanager": "1.22.0",
        "@aws-cdk/core": "1.22.0"
      }
    },
    "@aws-cdk/aws-codecommit": {
      "version": "1.22.0",
      "resolved": "https://registry.npmjs.org/@aws-cdk/aws-codecommit/-/aws-codecommit-1.22.0.tgz",
      "integrity": "sha512-fWbqhcQ3qHiCxvH4/tlDkwRF7u0I601nQVUFodGOuaZHHoCC4Mfdk79Q6dBajk2ZJeGtvM2dHGo2rjeiHs5xqw==",
      "dev": true,
      "requires": {
        "@aws-cdk/aws-events": "1.22.0",
        "@aws-cdk/aws-iam": "1.22.0",
        "@aws-cdk/core": "1.22.0"
      }
    },
    "@aws-cdk/aws-codedeploy": {
      "version": "1.22.0",
      "resolved": "https://registry.npmjs.org/@aws-cdk/aws-codedeploy/-/aws-codedeploy-1.22.0.tgz",
      "integrity": "sha512-hb5oFPcAjmo/h69bf3F+XSiBdM0brk+99Am5ZgAZEiYM3xj/efrxvCxvXC7YPSuWBs0u1yIE+axjCuoh5Vj6NQ==",
      "dev": true,
      "requires": {
        "@aws-cdk/aws-autoscaling": "1.22.0",
        "@aws-cdk/aws-cloudwatch": "1.22.0",
        "@aws-cdk/aws-ec2": "1.22.0",
        "@aws-cdk/aws-elasticloadbalancing": "1.22.0",
        "@aws-cdk/aws-elasticloadbalancingv2": "1.22.0",
        "@aws-cdk/aws-iam": "1.22.0",
        "@aws-cdk/aws-lambda": "1.22.0",
        "@aws-cdk/aws-s3": "1.22.0",
        "@aws-cdk/core": "1.22.0"
      }
    },
    "@aws-cdk/aws-codepipeline": {
      "version": "1.22.0",
      "resolved": "https://registry.npmjs.org/@aws-cdk/aws-codepipeline/-/aws-codepipeline-1.22.0.tgz",
      "integrity": "sha512-IH9qcJOImVIvrRCMLNh459n68OC/QAplvJ/NoY/cWxkkicbWAj2Kl0+4+N1ztItETHKYYnrmWeQt1q5JORxxEA==",
      "dev": true,
      "requires": {
        "@aws-cdk/aws-events": "1.22.0",
        "@aws-cdk/aws-iam": "1.22.0",
        "@aws-cdk/aws-kms": "1.22.0",
        "@aws-cdk/aws-s3": "1.22.0",
        "@aws-cdk/core": "1.22.0"
      }
    },
    "@aws-cdk/aws-codepipeline-actions": {
      "version": "1.22.0",
      "resolved": "https://registry.npmjs.org/@aws-cdk/aws-codepipeline-actions/-/aws-codepipeline-actions-1.22.0.tgz",
      "integrity": "sha512-6BrPKJXSQc/5PGA3q7OzPReythpvuzEgVQYcYgfrUsdKke2KdNsdiAnpChHlsyy4cCMKHtLEyuNSuA/x4vETSw==",
      "dev": true,
      "requires": {
        "@aws-cdk/aws-cloudformation": "1.22.0",
        "@aws-cdk/aws-codebuild": "1.22.0",
        "@aws-cdk/aws-codecommit": "1.22.0",
        "@aws-cdk/aws-codedeploy": "1.22.0",
        "@aws-cdk/aws-codepipeline": "1.22.0",
        "@aws-cdk/aws-ec2": "1.22.0",
        "@aws-cdk/aws-ecr": "1.22.0",
        "@aws-cdk/aws-ecs": "1.22.0",
        "@aws-cdk/aws-events": "1.22.0",
        "@aws-cdk/aws-events-targets": "1.22.0",
        "@aws-cdk/aws-iam": "1.22.0",
        "@aws-cdk/aws-lambda": "1.22.0",
        "@aws-cdk/aws-s3": "1.22.0",
        "@aws-cdk/aws-sns": "1.22.0",
        "@aws-cdk/aws-sns-subscriptions": "1.22.0",
        "@aws-cdk/core": "1.22.0"
      }
    },
    "@aws-cdk/aws-ec2": {
      "version": "1.22.0",
      "resolved": "https://registry.npmjs.org/@aws-cdk/aws-ec2/-/aws-ec2-1.22.0.tgz",
      "integrity": "sha512-N05VOmT7/v0YcziPRyl9EHdQzmo12hcm/1RAe/i7j4ZGrxuupBPY4LLHIrv+91k+Rd2zq8W1HyHbJx45U2iTxg==",
      "dev": true,
      "requires": {
        "@aws-cdk/aws-cloudwatch": "1.22.0",
        "@aws-cdk/aws-iam": "1.22.0",
        "@aws-cdk/aws-ssm": "1.22.0",
        "@aws-cdk/core": "1.22.0",
        "@aws-cdk/cx-api": "1.22.0"
      }
    },
    "@aws-cdk/aws-ecr": {
      "version": "1.22.0",
      "resolved": "https://registry.npmjs.org/@aws-cdk/aws-ecr/-/aws-ecr-1.22.0.tgz",
      "integrity": "sha512-Lt7ZKSHxrXkC1AW8j0UTkBZrfrPMXMuqVyHV9+yqm9ya4GLWDphfY2ZrVdnp8NGH30O1peD5hQBfNFIUwE1HJA==",
      "dev": true,
      "requires": {
        "@aws-cdk/aws-events": "1.22.0",
        "@aws-cdk/aws-iam": "1.22.0",
        "@aws-cdk/core": "1.22.0"
      }
    },
    "@aws-cdk/aws-ecr-assets": {
      "version": "1.22.0",
      "resolved": "https://registry.npmjs.org/@aws-cdk/aws-ecr-assets/-/aws-ecr-assets-1.22.0.tgz",
      "integrity": "sha512-AX/N/rVES/KeeW8TLFfs6+7er0ooWEfrCQAs0Rbf1zWu+XVCrptMSzCITkKrzVJ+BGdFh3X/3cgB/X5Q++uqYg==",
      "dev": true,
      "requires": {
        "@aws-cdk/assets": "1.22.0",
        "@aws-cdk/aws-cloudformation": "1.22.0",
        "@aws-cdk/aws-ecr": "1.22.0",
        "@aws-cdk/aws-iam": "1.22.0",
        "@aws-cdk/aws-lambda": "1.22.0",
        "@aws-cdk/aws-s3": "1.22.0",
        "@aws-cdk/core": "1.22.0",
        "@aws-cdk/cx-api": "1.22.0"
      }
    },
    "@aws-cdk/aws-ecs": {
      "version": "1.22.0",
      "resolved": "https://registry.npmjs.org/@aws-cdk/aws-ecs/-/aws-ecs-1.22.0.tgz",
      "integrity": "sha512-QZB+32bbLjeG4fRKnZuZ4BZGDaePc5r9ry35thhF0NZHD/hoWJ+4ouiKzE+3U06+fx+C0EYP1gNGbnZwWd3P1Q==",
      "dev": true,
      "requires": {
        "@aws-cdk/aws-applicationautoscaling": "1.22.0",
        "@aws-cdk/aws-autoscaling": "1.22.0",
        "@aws-cdk/aws-autoscaling-hooktargets": "1.22.0",
        "@aws-cdk/aws-certificatemanager": "1.22.0",
        "@aws-cdk/aws-cloudformation": "1.22.0",
        "@aws-cdk/aws-cloudwatch": "1.22.0",
        "@aws-cdk/aws-ec2": "1.22.0",
        "@aws-cdk/aws-ecr": "1.22.0",
        "@aws-cdk/aws-ecr-assets": "1.22.0",
        "@aws-cdk/aws-elasticloadbalancing": "1.22.0",
        "@aws-cdk/aws-elasticloadbalancingv2": "1.22.0",
        "@aws-cdk/aws-iam": "1.22.0",
        "@aws-cdk/aws-lambda": "1.22.0",
        "@aws-cdk/aws-logs": "1.22.0",
        "@aws-cdk/aws-route53": "1.22.0",
        "@aws-cdk/aws-route53-targets": "1.22.0",
        "@aws-cdk/aws-secretsmanager": "1.22.0",
        "@aws-cdk/aws-servicediscovery": "1.22.0",
        "@aws-cdk/aws-sns": "1.22.0",
        "@aws-cdk/aws-sqs": "1.22.0",
        "@aws-cdk/aws-ssm": "1.22.0",
        "@aws-cdk/core": "1.22.0",
        "@aws-cdk/cx-api": "1.22.0"
      }
    },
    "@aws-cdk/aws-elasticloadbalancing": {
      "version": "1.22.0",
      "resolved": "https://registry.npmjs.org/@aws-cdk/aws-elasticloadbalancing/-/aws-elasticloadbalancing-1.22.0.tgz",
      "integrity": "sha512-1XHBNHcjt4fMBkyoAxS1p6SYCmSi+eUYuFVsu41w20oDhCuSHBhJMl41LfkUzVkIcyNKU/nIE3muHcpN8uaV9w==",
      "dev": true,
      "requires": {
        "@aws-cdk/aws-ec2": "1.22.0",
        "@aws-cdk/core": "1.22.0"
      }
    },
    "@aws-cdk/aws-elasticloadbalancingv2": {
      "version": "1.22.0",
      "resolved": "https://registry.npmjs.org/@aws-cdk/aws-elasticloadbalancingv2/-/aws-elasticloadbalancingv2-1.22.0.tgz",
      "integrity": "sha512-0ICrLl2bzpbK41UqeNqme2cGJ84o50oimqgxxpPEnyblzLwsKToHR2hk/SMrFyRG78WCtFY1NDvHF2YHp/SzKA==",
      "dev": true,
      "requires": {
        "@aws-cdk/aws-certificatemanager": "1.22.0",
        "@aws-cdk/aws-cloudwatch": "1.22.0",
        "@aws-cdk/aws-ec2": "1.22.0",
        "@aws-cdk/aws-iam": "1.22.0",
        "@aws-cdk/aws-lambda": "1.22.0",
        "@aws-cdk/aws-s3": "1.22.0",
        "@aws-cdk/core": "1.22.0"
      }
    },
    "@aws-cdk/aws-events": {
      "version": "1.22.0",
      "resolved": "https://registry.npmjs.org/@aws-cdk/aws-events/-/aws-events-1.22.0.tgz",
      "integrity": "sha512-Ow0rys5s24/03RDCeP1LIiGYf0dkhsEy6lLNCSnBiF1FldnkpOflbsMkOe/mBqUDCmFHHeU7SxmIRTsgd6wI1g==",
      "dev": true,
      "requires": {
        "@aws-cdk/aws-iam": "1.22.0",
        "@aws-cdk/core": "1.22.0"
      }
    },
    "@aws-cdk/aws-events-targets": {
      "version": "1.22.0",
      "resolved": "https://registry.npmjs.org/@aws-cdk/aws-events-targets/-/aws-events-targets-1.22.0.tgz",
      "integrity": "sha512-zglX/WBbKQ1PK64pSb7F/mm+sX9l6DyaD8epX9vsjda+2wXvTQj9HoCoJKVLbhdBgniPsrLbemMZ8mnO5RxRBw==",
      "dev": true,
      "requires": {
        "@aws-cdk/aws-cloudformation": "1.22.0",
        "@aws-cdk/aws-codebuild": "1.22.0",
        "@aws-cdk/aws-codepipeline": "1.22.0",
        "@aws-cdk/aws-ec2": "1.22.0",
        "@aws-cdk/aws-ecs": "1.22.0",
        "@aws-cdk/aws-events": "1.22.0",
        "@aws-cdk/aws-iam": "1.22.0",
        "@aws-cdk/aws-lambda": "1.22.0",
        "@aws-cdk/aws-sns": "1.22.0",
        "@aws-cdk/aws-sns-subscriptions": "1.22.0",
        "@aws-cdk/aws-sqs": "1.22.0",
        "@aws-cdk/aws-stepfunctions": "1.22.0",
        "@aws-cdk/core": "1.22.0"
      }
    },
    "@aws-cdk/aws-iam": {
      "version": "1.22.0",
      "resolved": "https://registry.npmjs.org/@aws-cdk/aws-iam/-/aws-iam-1.22.0.tgz",
      "integrity": "sha512-5XNxgGmK3RVGfHbsTGGz6lN8F+jzHzIODIl4PTQwnBOfDRQ/kB/HI3bs0JnG2Se6I1PtU0ARuCj4GTU2OTvjhw==",
      "dev": true,
      "requires": {
        "@aws-cdk/core": "1.22.0",
        "@aws-cdk/region-info": "1.22.0"
      }
    },
    "@aws-cdk/aws-kms": {
      "version": "1.22.0",
      "resolved": "https://registry.npmjs.org/@aws-cdk/aws-kms/-/aws-kms-1.22.0.tgz",
      "integrity": "sha512-bkFMkp6I609O4x6AKHz4B8DK6zvRvbNCrKRIiNvFfibuN66ncgLeVjQXGfe51Nc3fSW8Xxa1cXyBuo24EiSq7A==",
      "dev": true,
      "requires": {
        "@aws-cdk/aws-iam": "1.22.0",
        "@aws-cdk/core": "1.22.0"
      }
    },
    "@aws-cdk/aws-lambda": {
      "version": "1.22.0",
      "resolved": "https://registry.npmjs.org/@aws-cdk/aws-lambda/-/aws-lambda-1.22.0.tgz",
      "integrity": "sha512-YIWy/52htcsK2tbeT0bcovwRU90+aH3BpqIfus7WF02csmn8J5i5n1oshOl+l8uG2gD3MtSZQXmIuxcJ0HsYkw==",
      "dev": true,
      "requires": {
        "@aws-cdk/aws-cloudwatch": "1.22.0",
        "@aws-cdk/aws-ec2": "1.22.0",
        "@aws-cdk/aws-events": "1.22.0",
        "@aws-cdk/aws-iam": "1.22.0",
        "@aws-cdk/aws-logs": "1.22.0",
        "@aws-cdk/aws-s3": "1.22.0",
        "@aws-cdk/aws-s3-assets": "1.22.0",
        "@aws-cdk/aws-sqs": "1.22.0",
        "@aws-cdk/core": "1.22.0",
        "@aws-cdk/cx-api": "1.22.0"
      }
    },
    "@aws-cdk/aws-logs": {
      "version": "1.22.0",
      "resolved": "https://registry.npmjs.org/@aws-cdk/aws-logs/-/aws-logs-1.22.0.tgz",
      "integrity": "sha512-IYg2Ll0B7eL5m6KhyPwcNl8413nmFWFFcEcTpPVRJpNWm7NdRMyDVX+XFteJJToYaGUDHdj1UiegOthxWYbgdA==",
      "dev": true,
      "requires": {
        "@aws-cdk/aws-cloudwatch": "1.22.0",
        "@aws-cdk/aws-iam": "1.22.0",
        "@aws-cdk/core": "1.22.0"
      }
    },
    "@aws-cdk/aws-route53": {
      "version": "1.22.0",
      "resolved": "https://registry.npmjs.org/@aws-cdk/aws-route53/-/aws-route53-1.22.0.tgz",
      "integrity": "sha512-h8BCEJNubp4kzJWyiTYOIltY/rke7dzR5XttwgPJ1GuaMG4CRLwhAjHDAse0bVbfcWqbodthO6tv5uJgSdQULA==",
      "dev": true,
      "requires": {
        "@aws-cdk/aws-ec2": "1.22.0",
        "@aws-cdk/aws-logs": "1.22.0",
        "@aws-cdk/core": "1.22.0",
        "@aws-cdk/cx-api": "1.22.0"
      }
    },
    "@aws-cdk/aws-route53-targets": {
      "version": "1.22.0",
      "resolved": "https://registry.npmjs.org/@aws-cdk/aws-route53-targets/-/aws-route53-targets-1.22.0.tgz",
      "integrity": "sha512-z3aem+hbrdq7kQyMHgIij5dbwOkmT4IWr/en+ejx/wNPRmFIvavRlR22cBZdy4VoTZTRHk3Di0ei/sHtF5N8nA==",
      "dev": true,
      "requires": {
        "@aws-cdk/aws-apigateway": "1.22.0",
        "@aws-cdk/aws-cloudfront": "1.22.0",
        "@aws-cdk/aws-ec2": "1.22.0",
        "@aws-cdk/aws-elasticloadbalancing": "1.22.0",
        "@aws-cdk/aws-elasticloadbalancingv2": "1.22.0",
        "@aws-cdk/aws-iam": "1.22.0",
        "@aws-cdk/aws-route53": "1.22.0",
        "@aws-cdk/aws-s3": "1.22.0",
        "@aws-cdk/core": "1.22.0",
        "@aws-cdk/region-info": "1.22.0"
      }
    },
    "@aws-cdk/aws-s3": {
      "version": "1.22.0",
      "resolved": "https://registry.npmjs.org/@aws-cdk/aws-s3/-/aws-s3-1.22.0.tgz",
      "integrity": "sha512-yGWVowtM+eq/dvgYQZXnrI9ap6vSpPsADT+PpBqFeyb8ch9Knfye22ZZZiKKbaQpkAvqN5SdzMI9veWOMQ4Fgg==",
      "dev": true,
      "requires": {
        "@aws-cdk/aws-events": "1.22.0",
        "@aws-cdk/aws-iam": "1.22.0",
        "@aws-cdk/aws-kms": "1.22.0",
        "@aws-cdk/core": "1.22.0"
      }
    },
    "@aws-cdk/aws-s3-assets": {
      "version": "1.22.0",
      "resolved": "https://registry.npmjs.org/@aws-cdk/aws-s3-assets/-/aws-s3-assets-1.22.0.tgz",
      "integrity": "sha512-uj3sOe0Mq4I20Cli38gUeaH3iF1Wq3/DXetyhsbH+rmr/SfqFUhR8MpdTDYpMb1jUCw5/bfLDj9s4rEfvE0+zg==",
      "dev": true,
      "requires": {
        "@aws-cdk/assets": "1.22.0",
        "@aws-cdk/aws-iam": "1.22.0",
        "@aws-cdk/aws-s3": "1.22.0",
        "@aws-cdk/core": "1.22.0",
        "@aws-cdk/cx-api": "1.22.0"
      }
    },
    "@aws-cdk/aws-sam": {
      "version": "1.22.0",
      "resolved": "https://registry.npmjs.org/@aws-cdk/aws-sam/-/aws-sam-1.22.0.tgz",
      "integrity": "sha512-PrB6Tx3PVaRqPlwvBcg+vIv6DzElO/jOyf4lztvVSaLvZ8XcwianSjygIJog25PAxfYYEG5h0c/iwIMXJqjiFg==",
      "dev": true,
      "requires": {
        "@aws-cdk/core": "1.22.0"
      }
    },
    "@aws-cdk/aws-secretsmanager": {
      "version": "1.22.0",
      "resolved": "https://registry.npmjs.org/@aws-cdk/aws-secretsmanager/-/aws-secretsmanager-1.22.0.tgz",
      "integrity": "sha512-2Oy8m9ZUApE0jvMfUGtBNDr9ygLBLeeM8rZiW2+YOX3D0UgZFpi/bHYAPJN/Jm6dYtCTT9EPfFuAnqkfHXU0Sw==",
      "dev": true,
      "requires": {
        "@aws-cdk/aws-ec2": "1.22.0",
        "@aws-cdk/aws-iam": "1.22.0",
        "@aws-cdk/aws-kms": "1.22.0",
        "@aws-cdk/aws-lambda": "1.22.0",
        "@aws-cdk/aws-sam": "1.22.0",
        "@aws-cdk/core": "1.22.0"
      }
    },
    "@aws-cdk/aws-servicediscovery": {
      "version": "1.22.0",
      "resolved": "https://registry.npmjs.org/@aws-cdk/aws-servicediscovery/-/aws-servicediscovery-1.22.0.tgz",
      "integrity": "sha512-koJ9q8xwIRXTyMDzZBiu1TUiVtjuy0fpkpDodMiL0zHKt9rLNUMF6vsK8pa03Z8uwmbrHYF/KBkbakPn8OAOgA==",
      "dev": true,
      "requires": {
        "@aws-cdk/aws-ec2": "1.22.0",
        "@aws-cdk/aws-elasticloadbalancingv2": "1.22.0",
        "@aws-cdk/aws-route53": "1.22.0",
        "@aws-cdk/core": "1.22.0"
      }
    },
    "@aws-cdk/aws-sns": {
      "version": "1.22.0",
      "resolved": "https://registry.npmjs.org/@aws-cdk/aws-sns/-/aws-sns-1.22.0.tgz",
      "integrity": "sha512-ECb9lgF7iobxCndNdDD0p8GJHsXn0dqHH+pObHMF+uhVU4vhkb232pcs6LGK7RLq8Fo7L4/exTOQo/BQyKutpA==",
      "dev": true,
      "requires": {
        "@aws-cdk/aws-cloudwatch": "1.22.0",
        "@aws-cdk/aws-events": "1.22.0",
        "@aws-cdk/aws-iam": "1.22.0",
        "@aws-cdk/aws-kms": "1.22.0",
        "@aws-cdk/core": "1.22.0"
      }
    },
    "@aws-cdk/aws-sns-subscriptions": {
      "version": "1.22.0",
      "resolved": "https://registry.npmjs.org/@aws-cdk/aws-sns-subscriptions/-/aws-sns-subscriptions-1.22.0.tgz",
      "integrity": "sha512-KqHesDZSB6mR0s9tvVL3ytX91fsZOhTEHWHjio7cKLhfHDrMHxpf8qoyV32WckaMevSFHQZLweK8JaOcbBzHdA==",
      "dev": true,
      "requires": {
        "@aws-cdk/aws-iam": "1.22.0",
        "@aws-cdk/aws-lambda": "1.22.0",
        "@aws-cdk/aws-sns": "1.22.0",
        "@aws-cdk/aws-sqs": "1.22.0",
        "@aws-cdk/core": "1.22.0"
      }
    },
    "@aws-cdk/aws-sqs": {
      "version": "1.22.0",
      "resolved": "https://registry.npmjs.org/@aws-cdk/aws-sqs/-/aws-sqs-1.22.0.tgz",
      "integrity": "sha512-sv14TN1OaC0SkekxrLh2p8Z4uqCRauZiJklG+0Tb+VUHCPZQTCUiyMlkKk2fOhOBU9zQC+MAo4O0Ck25n8Zh9Q==",
      "dev": true,
      "requires": {
        "@aws-cdk/aws-cloudwatch": "1.22.0",
        "@aws-cdk/aws-iam": "1.22.0",
        "@aws-cdk/aws-kms": "1.22.0",
        "@aws-cdk/core": "1.22.0"
      }
    },
    "@aws-cdk/aws-ssm": {
      "version": "1.22.0",
      "resolved": "https://registry.npmjs.org/@aws-cdk/aws-ssm/-/aws-ssm-1.22.0.tgz",
      "integrity": "sha512-F9NZHqasENpCplqvXs2q64Ribt2RDHtstBlHZiq2OzGyuXFqIwyZcpG1GgIjJUUclwNRmAAFZk4EudlKuJ6dnA==",
      "dev": true,
      "requires": {
        "@aws-cdk/aws-iam": "1.22.0",
        "@aws-cdk/aws-kms": "1.22.0",
        "@aws-cdk/core": "1.22.0",
        "@aws-cdk/cx-api": "1.22.0"
      }
    },
    "@aws-cdk/aws-stepfunctions": {
      "version": "1.22.0",
      "resolved": "https://registry.npmjs.org/@aws-cdk/aws-stepfunctions/-/aws-stepfunctions-1.22.0.tgz",
      "integrity": "sha512-FnE5DXngd+1GznmpnhwiYcV2ECNM7QLAEJOoNrQdx+x1xnesBwbknKBGv8T4/VXvsWnSJaAhO8cFgdZgLi+d6Q==",
      "dev": true,
      "requires": {
        "@aws-cdk/aws-cloudwatch": "1.22.0",
        "@aws-cdk/aws-events": "1.22.0",
        "@aws-cdk/aws-iam": "1.22.0",
        "@aws-cdk/core": "1.22.0"
      }
    },
    "@aws-cdk/core": {
      "version": "1.22.0",
      "resolved": "https://registry.npmjs.org/@aws-cdk/core/-/core-1.22.0.tgz",
      "integrity": "sha512-SD0PIOEnZ97ghF4bIf097U9l9jPtPQ5u8Uv9Uh4VwwwIPR6H07O5Qpkoj6rUwSmXc6HUlBL9OKcVjW47kMorNQ==",
      "dev": true,
      "requires": {
        "@aws-cdk/cx-api": "1.22.0"
      }
    },
    "@aws-cdk/cx-api": {
      "version": "1.22.0",
      "resolved": "https://registry.npmjs.org/@aws-cdk/cx-api/-/cx-api-1.22.0.tgz",
      "integrity": "sha512-Pf1s+7sjjTBZbTZIdwwB2V+HU2MteXIUETGQOr+MLLMHqXhLTIh+kTrkdiHT2A3MQ6naZf7uP+cOlLQsHe2IlQ==",
      "dev": true,
      "requires": {
        "semver": "^7.1.1"
      },
      "dependencies": {
        "semver": {
          "version": "7.1.1",
          "bundled": true,
          "dev": true
        }
      }
    },
    "@aws-cdk/region-info": {
      "version": "1.22.0",
      "resolved": "https://registry.npmjs.org/@aws-cdk/region-info/-/region-info-1.22.0.tgz",
      "integrity": "sha512-9PTBQ8f87fCQM7v8602Ir6IZThAxPOZvkNILqsyyVVpAJeCeI4aDBC4H4hFfm02Igkx1VJUhiB+RdLMDSo0+HQ==",
      "dev": true
    },
    "@types/node": {
      "version": "8.10.59",
      "resolved": "https://registry.npmjs.org/@types/node/-/node-8.10.59.tgz",
      "integrity": "sha512-8RkBivJrDCyPpBXhVZcjh7cQxVBSmRk9QM7hOketZzp6Tg79c0N8kkpAIito9bnJ3HCVCHVYz+KHTEbfQNfeVQ==",
      "dev": true
    },
    "aws-cdk": {
      "version": "1.174.0",
      "resolved": "https://registry.npmjs.org/aws-cdk/-/aws-cdk-1.174.0.tgz",
      "integrity": "sha512-cAnJ1vx8p0sFoHR5IP4YKd4l3lN7s9Y7+umwb4eNgWr+XSgUbuYiJgS/FD57hIbHN1uoBih3QAE0RA62LVJSFw==",
      "dev": true,
      "requires": {
        "fsevents": "2.3.2"
      }
    },
    "aws-sdk": {
      "version": "2.610.0",
      "resolved": "https://registry.npmjs.org/aws-sdk/-/aws-sdk-2.610.0.tgz",
      "integrity": "sha512-kqcoCTKjbxrUo2KeLQR2Jw6l4PvkbHXSDk8KqF2hXcpHibiOcMXZZPVe9X+s90RC/B2+qU95M7FImp9ByMcw7A==",
      "dev": true,
      "requires": {
        "buffer": "4.9.1",
        "events": "1.1.1",
        "ieee754": "1.1.13",
        "jmespath": "0.15.0",
        "querystring": "0.2.0",
        "sax": "1.2.1",
        "url": "0.10.3",
        "uuid": "3.3.2",
        "xml2js": "0.4.19"
      },
      "dependencies": {
        "buffer": {
          "version": "4.9.1",
          "resolved": "https://registry.npmjs.org/buffer/-/buffer-4.9.1.tgz",
          "integrity": "sha1-bRu2AbB6TvztlwlBMgkwJ8lbwpg=",
          "dev": true,
          "requires": {
            "base64-js": "^1.0.2",
            "ieee754": "^1.1.4",
            "isarray": "^1.0.0"
          }
        },
        "uuid": {
          "version": "3.3.2",
          "resolved": "https://registry.npmjs.org/uuid/-/uuid-3.3.2.tgz",
          "integrity": "sha512-yXJmeNaw3DnnKAOKJE51sL/ZaYfWJRl1pK9dr19YFCu0ObS231AB1/LbqTKRAQ5kw8A90rA6fr4riOUpTZvQZA==",
          "dev": true
        }
      }
    },
    "base64-js": {
      "version": "1.3.1",
      "resolved": "https://registry.npmjs.org/base64-js/-/base64-js-1.3.1.tgz",
      "integrity": "sha512-mLQ4i2QO1ytvGWFWmcngKO//JXAQueZvwEKtjgQFM4jIK0kU+ytMfplL8j+n5mspOfjHwoAg+9yhb7BwAHm36g==",
      "dev": true
    },
    "buffer-from": {
      "version": "1.1.1",
      "resolved": "https://registry.npmjs.org/buffer-from/-/buffer-from-1.1.1.tgz",
      "integrity": "sha512-MQcXEUbCKtEo7bhqEs6560Hyd4XaovZlO/k9V3hjVUF/zwW7KBVdSK4gIt/bzwS9MbR5qob+F5jusZsb0YQK2A=="
    },
    "events": {
      "version": "1.1.1",
      "resolved": "https://registry.npmjs.org/events/-/events-1.1.1.tgz",
      "integrity": "sha1-nr23Y1rQmccNzEwqH1AEKI6L2SQ=",
      "dev": true
    },
    "fsevents": {
      "version": "2.3.2",
      "resolved": "https://registry.npmjs.org/fsevents/-/fsevents-2.3.2.tgz",
      "integrity": "sha512-xiqMQR4xAeHTuB9uWm+fFRcIOgKBMiOBP+eXiyT7jsgVCq1bkVygt00oASowB7EdtpOHaaPgKt812P9ab+DDKA==",
      "dev": true,
      "optional": true
    },
    "ieee754": {
      "version": "1.1.13",
      "resolved": "https://registry.npmjs.org/ieee754/-/ieee754-1.1.13.tgz",
      "integrity": "sha512-4vf7I2LYV/HaWerSo3XmlMkp5eZ83i+/CDluXi/IGTs/O1sejBNhTtnxzmRZfvOUqj7lZjqHkeTvpgSFDlWZTg==",
      "dev": true
    },
    "isarray": {
      "version": "1.0.0",
      "resolved": "https://registry.npmjs.org/isarray/-/isarray-1.0.0.tgz",
      "integrity": "sha1-u5NdSFgsuhaMBoNJV6VKPgcSTxE=",
      "dev": true
    },
    "jmespath": {
      "version": "0.15.0",
      "resolved": "https://registry.npmjs.org/jmespath/-/jmespath-0.15.0.tgz",
      "integrity": "sha1-o/Iiqarp+Wb10nx5ZRDigJF2Qhc=",
      "dev": true
    },
    "querystring": {
      "version": "0.2.0",
      "resolved": "https://registry.npmjs.org/querystring/-/querystring-0.2.0.tgz",
      "integrity": "sha1-sgmEkgO7Jd+CDadW50cAWHhSFiA=",
      "dev": true
    },
    "sax": {
      "version": "1.2.1",
      "resolved": "https://registry.npmjs.org/sax/-/sax-1.2.1.tgz",
      "integrity": "sha1-e45lYZCyKOgaZq6nSEgNgozS03o=",
      "dev": true
    },
    "source-map": {
      "version": "0.6.1",
      "resolved": "https://registry.npmjs.org/source-map/-/source-map-0.6.1.tgz",
      "integrity": "sha512-UjgapumWlbMhkBgzT7Ykc5YXUT46F0iKu8SGXq0bcwP5dz/h0Plj6enJqjz1Zbq2l5WaqYnrVbwWOWMyF3F47g=="
    },
    "source-map-support": {
      "version": "0.5.16",
      "resolved": "https://registry.npmjs.org/source-map-support/-/source-map-support-0.5.16.tgz",
      "integrity": "sha512-efyLRJDr68D9hBBNIPWFjhpFzURh+KJykQwvMyW5UiZzYwoF6l4YMMDIJJEyFWxWCqfyxLzz6tSfUFR+kXXsVQ==",
      "requires": {
        "buffer-from": "^1.0.0",
        "source-map": "^0.6.0"
      }
    },
    "tsort": {
      "version": "0.0.1",
      "resolved": "https://registry.npmjs.org/tsort/-/tsort-0.0.1.tgz",
      "integrity": "sha1-4igPXoF/i/QnVlf9D5rr1E9aJ4Y=",
      "dev": true
    },
    "typescript": {
      "version": "3.7.5",
      "resolved": "https://registry.npmjs.org/typescript/-/typescript-3.7.5.tgz",
      "integrity": "sha512-/P5lkRXkWHNAbcJIiHPfRoKqyd7bsyCma1hZNUGfn20qm64T6ZBlrzprymeu918H+mB/0rIg2gGK/BXkhhYgBw==",
      "dev": true
    },
    "url": {
      "version": "0.10.3",
      "resolved": "https://registry.npmjs.org/url/-/url-0.10.3.tgz",
      "integrity": "sha1-Ah5NnHcF8hu/N9A861h2dAJ3TGQ=",
      "dev": true,
      "requires": {
        "punycode": "1.3.2",
        "querystring": "0.2.0"
      },
      "dependencies": {
        "punycode": {
          "version": "1.3.2",
          "resolved": "https://registry.npmjs.org/punycode/-/punycode-1.3.2.tgz",
          "integrity": "sha1-llOgNvt8HuQjQvIyXM7v6jkmxI0=",
          "dev": true
        }
      }
    },
    "xml2js": {
      "version": "0.4.19",
      "resolved": "https://registry.npmjs.org/xml2js/-/xml2js-0.4.19.tgz",
      "integrity": "sha512-esZnJZJOiJR9wWKMyuvSE1y6Dq5LCuJanqhxslH2bxM6duahNZ+HMpCLhBQGZkbX6xRf8x1Y2eJlgt2q3qo49Q==",
      "dev": true,
      "requires": {
        "sax": ">=0.6.0",
        "xmlbuilder": "~9.0.1"
      }
    },
    "xmlbuilder": {
      "version": "9.0.7",
      "resolved": "https://registry.npmjs.org/xmlbuilder/-/xmlbuilder-9.0.7.tgz",
      "integrity": "sha1-Ey7mPS7FVlxVfiD0wi35rKaGsQ0=",
      "dev": true
    }
  }
}
